
Microsoft Visual Studio Solution File, Format Version 12.00
# Visual Studio Version 16
VisualStudioVersion = 16.0.30114.105
MinimumVisualStudioVersion = 10.0.40219.1
Project("{9A19103F-16F7-4668-BE54-9A1E7A4F7556}") = "ecommerce.WebApi", "ecommerce.WebApi\ecommerce.WebApi.csproj", "{0B675F00-3947-4088-BE10-43BFDF91510A}"
EndProject
Project("{9A19103F-16F7-4668-BE54-9A1E7A4F7556}") = "ecommerce.Encomenda.Data", "ecommerce.Encomenda.Data\ecommerce.Encomenda.Data.csproj", "{0C43CE48-7B14-49CC-BF07-C73084CB9E9E}"
EndProject
Project("{9A19103F-16F7-4668-BE54-9A1E7A4F7556}") = "ecommerce.Encomenda.Domain", "ecommerce.Encomenda.Domain\ecommerce.Encomenda.Domain.csproj", "{D6512F8E-DC7A-459D-B75D-31F0D20263C6}"
EndProject
Project("{FAE04EC0-301F-11D3-BF4B-00C04F79EFBC}") = "ecommerce.Encomenda.Application", "ecommerce.Encomenda.Application\ecommerce.Encomenda.Application.csproj", "{C6DF7296-4EE9-478A-92B8-D46C141A267E}"
EndProject
Project("{2150E333-8FDC-42A3-9474-1A3956D46DE8}") = "Encomenda", "Encomenda", "{7D1FDB27-A866-4DC7-AD28-5106AB5EC079}"
EndProject
Global
	GlobalSection(SolutionConfigurationPlatforms) = preSolution
		Debug|Any CPU = Debug|Any CPU
		Debug|x64 = Debug|x64
		Debug|x86 = Debug|x86
		Release|Any CPU = Release|Any CPU
		Release|x64 = Release|x64
		Release|x86 = Release|x86
	EndGlobalSection
	GlobalSection(ProjectConfigurationPlatforms) = postSolution
		{0B675F00-3947-4088-BE10-43BFDF91510A}.Debug|Any CPU.ActiveCfg = Debug|Any CPU
		{0B675F00-3947-4088-BE10-43BFDF91510A}.Debug|Any CPU.Build.0 = Debug|Any CPU
		{0B675F00-3947-4088-BE10-43BFDF91510A}.Debug|x64.ActiveCfg = Debug|Any CPU
		{0B675F00-3947-4088-BE10-43BFDF91510A}.Debug|x64.Build.0 = Debug|Any CPU
		{0B675F00-3947-4088-BE10-43BFDF91510A}.Debug|x86.ActiveCfg = Debug|Any CPU
		{0B675F00-3947-4088-BE10-43BFDF91510A}.Debug|x86.Build.0 = Debug|Any CPU
		{0B675F00-3947-4088-BE10-43BFDF91510A}.Release|Any CPU.ActiveCfg = Release|Any CPU
		{0B675F00-3947-4088-BE10-43BFDF91510A}.Release|Any CPU.Build.0 = Release|Any CPU
		{0B675F00-3947-4088-BE10-43BFDF91510A}.Release|x64.ActiveCfg = Release|Any CPU
		{0B675F00-3947-4088-BE10-43BFDF91510A}.Release|x64.Build.0 = Release|Any CPU
		{0B675F00-3947-4088-BE10-43BFDF91510A}.Release|x86.ActiveCfg = Release|Any CPU
		{0B675F00-3947-4088-BE10-43BFDF91510A}.Release|x86.Build.0 = Release|Any CPU
		{0C43CE48-7B14-49CC-BF07-C73084CB9E9E}.Debug|Any CPU.ActiveCfg = Debug|Any CPU
		{0C43CE48-7B14-49CC-BF07-C73084CB9E9E}.Debug|Any CPU.Build.0 = Debug|Any CPU
		{0C43CE48-7B14-49CC-BF07-C73084CB9E9E}.Debug|x64.ActiveCfg = Debug|Any CPU
		{0C43CE48-7B14-49CC-BF07-C73084CB9E9E}.Debug|x64.Build.0 = Debug|Any CPU
		{0C43CE48-7B14-49CC-BF07-C73084CB9E9E}.Debug|x86.ActiveCfg = Debug|Any CPU
		{0C43CE48-7B14-49CC-BF07-C73084CB9E9E}.Debug|x86.Build.0 = Debug|Any CPU
		{0C43CE48-7B14-49CC-BF07-C73084CB9E9E}.Release|Any CPU.ActiveCfg = Release|Any CPU
		{0C43CE48-7B14-49CC-BF07-C73084CB9E9E}.Release|Any CPU.Build.0 = Release|Any CPU
		{0C43CE48-7B14-49CC-BF07-C73084CB9E9E}.Release|x64.ActiveCfg = Release|Any CPU
		{0C43CE48-7B14-49CC-BF07-C73084CB9E9E}.Release|x64.Build.0 = Release|Any CPU
		{0C43CE48-7B14-49CC-BF07-C73084CB9E9E}.Release|x86.ActiveCfg = Release|Any CPU
		{0C43CE48-7B14-49CC-BF07-C73084CB9E9E}.Release|x86.Build.0 = Release|Any CPU
		{D6512F8E-DC7A-459D-B75D-31F0D20263C6}.Debug|Any CPU.ActiveCfg = Debug|Any CPU
		{D6512F8E-DC7A-459D-B75D-31F0D20263C6}.Debug|Any CPU.Build.0 = Debug|Any CPU
		{D6512F8E-DC7A-459D-B75D-31F0D20263C6}.Debug|x64.ActiveCfg = Debug|Any CPU
		{D6512F8E-DC7A-459D-B75D-31F0D20263C6}.Debug|x64.Build.0 = Debug|Any CPU
		{D6512F8E-DC7A-459D-B75D-31F0D20263C6}.Debug|x86.ActiveCfg = Debug|Any CPU
		{D6512F8E-DC7A-459D-B75D-31F0D20263C6}.Debug|x86.Build.0 = Debug|Any CPU
		{D6512F8E-DC7A-459D-B75D-31F0D20263C6}.Release|Any CPU.ActiveCfg = Release|Any CPU
		{D6512F8E-DC7A-459D-B75D-31F0D20263C6}.Release|Any CPU.Build.0 = Release|Any CPU
		{D6512F8E-DC7A-459D-B75D-31F0D20263C6}.Release|x64.ActiveCfg = Release|Any CPU
		{D6512F8E-DC7A-459D-B75D-31F0D20263C6}.Release|x64.Build.0 = Release|Any CPU
		{D6512F8E-DC7A-459D-B75D-31F0D20263C6}.Release|x86.ActiveCfg = Release|Any CPU
		{D6512F8E-DC7A-459D-B75D-31F0D20263C6}.Release|x86.Build.0 = Release|Any CPU
		{C6DF7296-4EE9-478A-92B8-D46C141A267E}.Debug|Any CPU.ActiveCfg = Debug|Any CPU
		{C6DF7296-4EE9-478A-92B8-D46C141A267E}.Debug|Any CPU.Build.0 = Debug|Any CPU
		{C6DF7296-4EE9-478A-92B8-D46C141A267E}.Debug|x64.ActiveCfg = Debug|Any CPU
		{C6DF7296-4EE9-478A-92B8-D46C141A267E}.Debug|x64.Build.0 = Debug|Any CPU
		{C6DF7296-4EE9-478A-92B8-D46C141A267E}.Debug|x86.ActiveCfg = Debug|Any CPU
		{C6DF7296-4EE9-478A-92B8-D46C141A267E}.Debug|x86.Build.0 = Debug|Any CPU
		{C6DF7296-4EE9-478A-92B8-D46C141A267E}.Release|Any CPU.ActiveCfg = Release|Any CPU
		{C6DF7296-4EE9-478A-92B8-D46C141A267E}.Release|Any CPU.Build.0 = Release|Any CPU
		{C6DF7296-4EE9-478A-92B8-D46C141A267E}.Release|x64.ActiveCfg = Release|Any CPU
		{C6DF7296-4EE9-478A-92B8-D46C141A267E}.Release|x64.Build.0 = Release|Any CPU
		{C6DF7296-4EE9-478A-92B8-D46C141A267E}.Release|x86.ActiveCfg = Release|Any CPU
		{C6DF7296-4EE9-478A-92B8-D46C141A267E}.Release|x86.Build.0 = Release|Any CPU
	EndGlobalSection
	GlobalSection(SolutionProperties) = preSolution
		HideSolutionNode = FALSE
	EndGlobalSection
	GlobalSection(NestedProjects) = preSolution
		{0C43CE48-7B14-49CC-BF07-C73084CB9E9E} = {7D1FDB27-A866-4DC7-AD28-5106AB5EC079}
		{D6512F8E-DC7A-459D-B75D-31F0D20263C6} = {7D1FDB27-A866-4DC7-AD28-5106AB5EC079}
		{C6DF7296-4EE9-478A-92B8-D46C141A267E} = {7D1FDB27-A866-4DC7-AD28-5106AB5EC079}
	EndGlobalSection
	GlobalSection(ExtensibilityGlobals) = postSolution
		SolutionGuid = {D914D8FC-17E8-48CA-AAD4-A98BFC1D4A2F}
	EndGlobalSection
EndGlobal
